{
  "name": "furry-image",
  "version": "2.0.0",
  "lockfileVersion": 1,
  "requires": true,
  "dependencies": {
    "bmp-js": {
      "version": "https://registry.npmjs.org/bmp-js/-/bmp-js-0.0.3.tgz",
      "integrity": "sha1-ZBE+nHzxICs3btYHvzBibr5XsYo="
    },
    "jpeg-js": {
      "version": "https://registry.npmjs.org/jpeg-js/-/jpeg-js-0.2.0.tgz",
      "integrity": "sha1-U+RI7J0mPmgyZkZ+lELSxaLvVII="
    },
    "jpeg-js-chroma-hq": {
      "version": "https://registry.npmjs.org/jpeg-js-chroma-hq/-/jpeg-js-chroma-hq-1.0.8.tgz",
      "integrity": "sha1-1U7zGXgBAs7rr9szZAfrzhNHxAs="
    },
    "pngjs": {
      "version": "https://registry.npmjs.org/pngjs/-/pngjs-3.0.1.tgz",
      "integrity": "sha1-sVCGrBrEcpjI/T+c3zZPqYecTbY="
    },
    "require-directory": {
      "version": "2.1.1",
      "resolved": "https://registry.npmjs.org/require-directory/-/require-directory-2.1.1.tgz",
      "integrity": "sha1-jGStX9MNqxyXbiNE/+f3kqam30I="
    }
  }
}
